{
  "nodes": {
    "impure-overlays": {
      "inputs": {
        "nixpkgs": [
          "nixpkgs"
        ]
      },
      "locked": {
        "lastModified": 1733042710,
        "narHash": "sha256-yIscj3r22vwtZXqP8IvC3IZppby3Frt/l8wJq0C/lys=",
        "owner": "maqrrr",
        "repo": "impure-overlays",
        "rev": "67c42d9cc21ddc47177cccda8c630cc0829bfd2e",
        "type": "github"
      },
      "original": {
        "id": "impure-overlays",
        "type": "indirect"
      }
    },
    "nixpkgs": {
      "locked": {
        "lastModified": 1732749044,
        "narHash": "sha256-T38FQOg0BV5M8FN1712fovzNakSOENEYs+CSkg31C9Y=",
        "owner": "NixOS",
        "repo": "nixpkgs",
        "rev": "0c5b4ecbed5b155b705336aa96d878e55acd8685",
        "type": "github"
      },
      "original": {
        "owner": "NixOS",
        "ref": "nixos-24.05",
        "repo": "nixpkgs",
        "type": "github"
      }
    },
    "root": {
      "inputs": {
        "impure-overlays": "impure-overlays",
        "nixpkgs": "nixpkgs"
      }
    }
  },
  "root": "root",
  "version": 7
}
